// !$*UTF8*$!
{
	archiveVersion = 1;
	classes = {
	};
	objectVersion = 56;
	objects = {

/* Begin PBXBuildFile section */
		2C31F8F52B2062F600367F6A /* SupabaseAppApp.swift in Sources */ = {isa = PBXBuildFile; fileRef = 2C31F8F42B2062F600367F6A /* SupabaseAppApp.swift */; };
		2C31F8F92B2062F700367F6A /* Assets.xcassets in Resources */ = {isa = PBXBuildFile; fileRef = 2C31F8F82B2062F700367F6A /* Assets.xcassets */; };
		2C31F8FC2B2062F700367F6A /* Preview Assets.xcassets in Resources */ = {isa = PBXBuildFile; fileRef = 2C31F8FB2B2062F700367F6A /* Preview Assets.xcassets */; };
		2C31F9042B20635200367F6A /* Functions in Frameworks */ = {isa = PBXBuildFile; productRef = 2C31F9032B20635200367F6A /* Functions */; };
		2C31F9062B20635200367F6A /* GoTrue in Frameworks */ = {isa = PBXBuildFile; productRef = 2C31F9052B20635200367F6A /* GoTrue */; };
		2C31F9082B20635200367F6A /* PostgREST in Frameworks */ = {isa = PBXBuildFile; productRef = 2C31F9072B20635200367F6A /* PostgREST */; };
		2C31F90A2B20635200367F6A /* Realtime in Frameworks */ = {isa = PBXBuildFile; productRef = 2C31F9092B20635200367F6A /* Realtime */; };
		2C31F90C2B20635200367F6A /* Storage in Frameworks */ = {isa = PBXBuildFile; productRef = 2C31F90B2B20635200367F6A /* Storage */; };
		2C31F90E2B20635200367F6A /* Supabase in Frameworks */ = {isa = PBXBuildFile; productRef = 2C31F90D2B20635200367F6A /* Supabase */; };
		2C31F9102B20649700367F6A /* SignInView.swift in Sources */ = {isa = PBXBuildFile; fileRef = 2C31F90F2B20649700367F6A /* SignInView.swift */; };
		2C31F9122B2064A300367F6A /* RegistrationView.swift in Sources */ = {isa = PBXBuildFile; fileRef = 2C31F9112B2064A300367F6A /* RegistrationView.swift */; };
		2C31F9142B2064B500367F6A /* CustomTextFieldStyle.swift in Sources */ = {isa = PBXBuildFile; fileRef = 2C31F9132B2064B500367F6A /* CustomTextFieldStyle.swift */; };
		2C31F9162B20677C00367F6A /* CustomButtonStyle.swift in Sources */ = {isa = PBXBuildFile; fileRef = 2C31F9152B20677C00367F6A /* CustomButtonStyle.swift */; };
		2C31F9182B206A5A00367F6A /* AuthViewModel.swift in Sources */ = {isa = PBXBuildFile; fileRef = 2C31F9172B206A5A00367F6A /* AuthViewModel.swift */; };
		2C31F91E2B206B5800367F6A /* String.swift in Sources */ = {isa = PBXBuildFile; fileRef = 2C31F91D2B206B5800367F6A /* String.swift */; };
		2C31F9202B206BE100367F6A /* FormViewModel.swift in Sources */ = {isa = PBXBuildFile; fileRef = 2C31F91F2B206BE100367F6A /* FormViewModel.swift */; };
		2C31F9232B206FDE00367F6A /* SupabaseManager.swift in Sources */ = {isa = PBXBuildFile; fileRef = 2C31F9222B206FDE00367F6A /* SupabaseManager.swift */; };
		2C31F9262B20749B00367F6A /* UserModel.swift in Sources */ = {isa = PBXBuildFile; fileRef = 2C31F9252B20749B00367F6A /* UserModel.swift */; };
		2C31F9282B2075C800367F6A /* HomeView.swift in Sources */ = {isa = PBXBuildFile; fileRef = 2C31F9272B2075C800367F6A /* HomeView.swift */; };
		2CC0CDE32B22193300E27622 /* TabBarView.swift in Sources */ = {isa = PBXBuildFile; fileRef = 2CC0CDE22B22193300E27622 /* TabBarView.swift */; };
		2CC0CDE52B2219B000E27622 /* UserView.swift in Sources */ = {isa = PBXBuildFile; fileRef = 2CC0CDE42B2219B000E27622 /* UserView.swift */; };
		2CC0CDE72B221A2900E27622 /* TodoModel.swift in Sources */ = {isa = PBXBuildFile; fileRef = 2CC0CDE62B221A2900E27622 /* TodoModel.swift */; };
		2CC0CDE92B221D7B00E27622 /* TodosViewModel.swift in Sources */ = {isa = PBXBuildFile; fileRef = 2CC0CDE82B221D7B00E27622 /* TodosViewModel.swift */; };
		2CC0CDEB2B221EB100E27622 /* DataTodoModel.swift in Sources */ = {isa = PBXBuildFile; fileRef = 2CC0CDEA2B221EB100E27622 /* DataTodoModel.swift */; };
		2CC0CDED2B221FAA00E27622 /* CreateTodoSheet.swift in Sources */ = {isa = PBXBuildFile; fileRef = 2CC0CDEC2B221FAA00E27622 /* CreateTodoSheet.swift */; };
/* End PBXBuildFile section */

/* Begin PBXFileReference section */
		2C31F8F12B2062F600367F6A /* SupabaseApp.app */ = {isa = PBXFileReference; explicitFileType = wrapper.application; includeInIndex = 0; path = SupabaseApp.app; sourceTree = BUILT_PRODUCTS_DIR; };
		2C31F8F42B2062F600367F6A /* SupabaseAppApp.swift */ = {isa = PBXFileReference; lastKnownFileType = sourcecode.swift; path = SupabaseAppApp.swift; sourceTree = "<group>"; };
		2C31F8F82B2062F700367F6A /* Assets.xcassets */ = {isa = PBXFileReference; lastKnownFileType = folder.assetcatalog; path = Assets.xcassets; sourceTree = "<group>"; };
		2C31F8FB2B2062F700367F6A /* Preview Assets.xcassets */ = {isa = PBXFileReference; lastKnownFileType = folder.assetcatalog; path = "Preview Assets.xcassets"; sourceTree = "<group>"; };
		2C31F90F2B20649700367F6A /* SignInView.swift */ = {isa = PBXFileReference; lastKnownFileType = sourcecode.swift; path = SignInView.swift; sourceTree = "<group>"; };
		2C31F9112B2064A300367F6A /* RegistrationView.swift */ = {isa = PBXFileReference; lastKnownFileType = sourcecode.swift; path = RegistrationView.swift; sourceTree = "<group>"; };
		2C31F9132B2064B500367F6A /* CustomTextFieldStyle.swift */ = {isa = PBXFileReference; lastKnownFileType = sourcecode.swift; path = CustomTextFieldStyle.swift; sourceTree = "<group>"; };
		2C31F9152B20677C00367F6A /* CustomButtonStyle.swift */ = {isa = PBXFileReference; lastKnownFileType = sourcecode.swift; path = CustomButtonStyle.swift; sourceTree = "<group>"; };
		2C31F9172B206A5A00367F6A /* AuthViewModel.swift */ = {isa = PBXFileReference; lastKnownFileType = sourcecode.swift; path = AuthViewModel.swift; sourceTree = "<group>"; };
		2C31F91D2B206B5800367F6A /* String.swift */ = {isa = PBXFileReference; lastKnownFileType = sourcecode.swift; path = String.swift; sourceTree = "<group>"; };
		2C31F91F2B206BE100367F6A /* FormViewModel.swift */ = {isa = PBXFileReference; lastKnownFileType = sourcecode.swift; path = FormViewModel.swift; sourceTree = "<group>"; };
		2C31F9222B206FDE00367F6A /* SupabaseManager.swift */ = {isa = PBXFileReference; lastKnownFileType = sourcecode.swift; path = SupabaseManager.swift; sourceTree = "<group>"; };
		2C31F9252B20749B00367F6A /* UserModel.swift */ = {isa = PBXFileReference; lastKnownFileType = sourcecode.swift; path = UserModel.swift; sourceTree = "<group>"; };
		2C31F9272B2075C800367F6A /* HomeView.swift */ = {isa = PBXFileReference; lastKnownFileType = sourcecode.swift; path = HomeView.swift; sourceTree = "<group>"; };
		2CC0CDE22B22193300E27622 /* TabBarView.swift */ = {isa = PBXFileReference; lastKnownFileType = sourcecode.swift; path = TabBarView.swift; sourceTree = "<group>"; };
		2CC0CDE42B2219B000E27622 /* UserView.swift */ = {isa = PBXFileReference; lastKnownFileType = sourcecode.swift; path = UserView.swift; sourceTree = "<group>"; };
		2CC0CDE62B221A2900E27622 /* TodoModel.swift */ = {isa = PBXFileReference; lastKnownFileType = sourcecode.swift; path = TodoModel.swift; sourceTree = "<group>"; };
		2CC0CDE82B221D7B00E27622 /* TodosViewModel.swift */ = {isa = PBXFileReference; lastKnownFileType = sourcecode.swift; path = TodosViewModel.swift; sourceTree = "<group>"; };
		2CC0CDEA2B221EB100E27622 /* DataTodoModel.swift */ = {isa = PBXFileReference; lastKnownFileType = sourcecode.swift; path = DataTodoModel.swift; sourceTree = "<group>"; };
		2CC0CDEC2B221FAA00E27622 /* CreateTodoSheet.swift */ = {isa = PBXFileReference; lastKnownFileType = sourcecode.swift; path = CreateTodoSheet.swift; sourceTree = "<group>"; };
/* End PBXFileReference section */

/* Begin PBXFrameworksBuildPhase section */
		2C31F8EE2B2062F600367F6A /* Frameworks */ = {
			isa = PBXFrameworksBuildPhase;
			buildActionMask = 2147483647;
			files = (
				2C31F9082B20635200367F6A /* PostgREST in Frameworks */,
				2C31F9062B20635200367F6A /* GoTrue in Frameworks */,
				2C31F90E2B20635200367F6A /* Supabase in Frameworks */,
				2C31F9042B20635200367F6A /* Functions in Frameworks */,
				2C31F90C2B20635200367F6A /* Storage in Frameworks */,
				2C31F90A2B20635200367F6A /* Realtime in Frameworks */,
			);
			runOnlyForDeploymentPostprocessing = 0;
		};
/* End PBXFrameworksBuildPhase section */

/* Begin PBXGroup section */
		2C31F8E82B2062F600367F6A = {
			isa = PBXGroup;
			children = (
				2C31F8F32B2062F600367F6A /* SupabaseApp */,
				2C31F8F22B2062F600367F6A /* Products */,
			);
			sourceTree = "<group>";
		};
		2C31F8F22B2062F600367F6A /* Products */ = {
			isa = PBXGroup;
			children = (
				2C31F8F12B2062F600367F6A /* SupabaseApp.app */,
			);
			name = Products;
			sourceTree = "<group>";
		};
		2C31F8F32B2062F600367F6A /* SupabaseApp */ = {
			isa = PBXGroup;
			children = (
				2C31F8F42B2062F600367F6A /* SupabaseAppApp.swift */,
				2CC0CDE22B22193300E27622 /* TabBarView.swift */,
				2C31F9242B20749200367F6A /* Models */,
				2C31F9212B206FD400367F6A /* Services */,
				2C31F91C2B206B4D00367F6A /* Extensions */,
				2C31F91B2B206A8B00367F6A /* ViewModels */,
				2C31F91A2B206A7D00367F6A /* Views */,
				2C31F9192B206A7300367F6A /* Styles */,
				2C31F8F82B2062F700367F6A /* Assets.xcassets */,
				2C31F8FA2B2062F700367F6A /* Preview Content */,
			);
			path = SupabaseApp;
			sourceTree = "<group>";
		};
		2C31F8FA2B2062F700367F6A /* Preview Content */ = {
			isa = PBXGroup;
			children = (
				2C31F8FB2B2062F700367F6A /* Preview Assets.xcassets */,
			);
			path = "Preview Content";
			sourceTree = "<group>";
		};
		2C31F9192B206A7300367F6A /* Styles */ = {
			isa = PBXGroup;
			children = (
				2C31F9132B2064B500367F6A /* CustomTextFieldStyle.swift */,
				2C31F9152B20677C00367F6A /* CustomButtonStyle.swift */,
			);
			path = Styles;
			sourceTree = "<group>";
		};
		2C31F91A2B206A7D00367F6A /* Views */ = {
			isa = PBXGroup;
			children = (
				2C31F90F2B20649700367F6A /* SignInView.swift */,
				2C31F9112B2064A300367F6A /* RegistrationView.swift */,
				2CC0CDEC2B221FAA00E27622 /* CreateTodoSheet.swift */,
				2C31F9272B2075C800367F6A /* HomeView.swift */,
				2CC0CDE42B2219B000E27622 /* UserView.swift */,
			);
			path = Views;
			sourceTree = "<group>";
		};
		2C31F91B2B206A8B00367F6A /* ViewModels */ = {
			isa = PBXGroup;
			children = (
				2C31F9172B206A5A00367F6A /* AuthViewModel.swift */,
				2C31F91F2B206BE100367F6A /* FormViewModel.swift */,
				2CC0CDE82B221D7B00E27622 /* TodosViewModel.swift */,
			);
			path = ViewModels;
			sourceTree = "<group>";
		};
		2C31F91C2B206B4D00367F6A /* Extensions */ = {
			isa = PBXGroup;
			children = (
				2C31F91D2B206B5800367F6A /* String.swift */,
			);
			path = Extensions;
			sourceTree = "<group>";
		};
		2C31F9212B206FD400367F6A /* Services */ = {
			isa = PBXGroup;
			children = (
				2C31F9222B206FDE00367F6A /* SupabaseManager.swift */,
			);
			path = Services;
			sourceTree = "<group>";
		};
		2C31F9242B20749200367F6A /* Models */ = {
			isa = PBXGroup;
			children = (
				2C31F9252B20749B00367F6A /* UserModel.swift */,
				2CC0CDEA2B221EB100E27622 /* DataTodoModel.swift */,
				2CC0CDE62B221A2900E27622 /* TodoModel.swift */,
			);
			path = Models;
			sourceTree = "<group>";
		};
/* End PBXGroup section */

/* Begin PBXNativeTarget section */
		2C31F8F02B2062F600367F6A /* SupabaseApp */ = {
			isa = PBXNativeTarget;
			buildConfigurationList = 2C31F8FF2B2062F700367F6A /* Build configuration list for PBXNativeTarget "SupabaseApp" */;
			buildPhases = (
				2C31F8ED2B2062F600367F6A /* Sources */,
				2C31F8EE2B2062F600367F6A /* Frameworks */,
				2C31F8EF2B2062F600367F6A /* Resources */,
			);
			buildRules = (
			);
			dependencies = (
			);
			name = SupabaseApp;
			packageProductDependencies = (
				2C31F9032B20635200367F6A /* Functions */,
				2C31F9052B20635200367F6A /* GoTrue */,
				2C31F9072B20635200367F6A /* PostgREST */,
				2C31F9092B20635200367F6A /* Realtime */,
				2C31F90B2B20635200367F6A /* Storage */,
				2C31F90D2B20635200367F6A /* Supabase */,
			);
			productName = SupabaseApp;
			productReference = 2C31F8F12B2062F600367F6A /* SupabaseApp.app */;
			productType = "com.apple.product-type.application";
		};
/* End PBXNativeTarget section */

/* Begin PBXProject section */
		2C31F8E92B2062F600367F6A /* Project object */ = {
			isa = PBXProject;
			attributes = {
				BuildIndependentTargetsInParallel = 1;
				LastSwiftUpdateCheck = 1500;
				LastUpgradeCheck = 1500;
				TargetAttributes = {
					2C31F8F02B2062F600367F6A = {
						CreatedOnToolsVersion = 15.0;
					};
				};
			};
			buildConfigurationList = 2C31F8EC2B2062F600367F6A /* Build configuration list for PBXProject "SupabaseApp" */;
			compatibilityVersion = "Xcode 14.0";
			developmentRegion = en;
			hasScannedForEncodings = 0;
			knownRegions = (
				en,
				Base,
			);
			mainGroup = 2C31F8E82B2062F600367F6A;
			packageReferences = (
				2C31F9022B20635100367F6A /* XCRemoteSwiftPackageReference "supabase-swift" */,
			);
			productRefGroup = 2C31F8F22B2062F600367F6A /* Products */;
			projectDirPath = "";
			projectRoot = "";
			targets = (
				2C31F8F02B2062F600367F6A /* SupabaseApp */,
			);
		};
/* End PBXProject section */

/* Begin PBXResourcesBuildPhase section */
		2C31F8EF2B2062F600367F6A /* Resources */ = {
			isa = PBXResourcesBuildPhase;
			buildActionMask = 2147483647;
			files = (
				2C31F8FC2B2062F700367F6A /* Preview Assets.xcassets in Resources */,
				2C31F8F92B2062F700367F6A /* Assets.xcassets in Resources */,
			);
			runOnlyForDeploymentPostprocessing = 0;
		};
/* End PBXResourcesBuildPhase section */

/* Begin PBXSourcesBuildPhase section */
		2C31F8ED2B2062F600367F6A /* Sources */ = {
			isa = PBXSourcesBuildPhase;
			buildActionMask = 2147483647;
			files = (
				2C31F9162B20677C00367F6A /* CustomButtonStyle.swift in Sources */,
				2CC0CDE92B221D7B00E27622 /* TodosViewModel.swift in Sources */,
				2C31F9232B206FDE00367F6A /* SupabaseManager.swift in Sources */,
				2C31F9102B20649700367F6A /* SignInView.swift in Sources */,
				2CC0CDED2B221FAA00E27622 /* CreateTodoSheet.swift in Sources */,
				2C31F9182B206A5A00367F6A /* AuthViewModel.swift in Sources */,
				2C31F8F52B2062F600367F6A /* SupabaseAppApp.swift in Sources */,
				2CC0CDE72B221A2900E27622 /* TodoModel.swift in Sources */,
				2C31F9282B2075C800367F6A /* HomeView.swift in Sources */,
				2C31F91E2B206B5800367F6A /* String.swift in Sources */,
				2C31F9122B2064A300367F6A /* RegistrationView.swift in Sources */,
				2C31F9202B206BE100367F6A /* FormViewModel.swift in Sources */,
				2C31F9262B20749B00367F6A /* UserModel.swift in Sources */,
				2CC0CDE52B2219B000E27622 /* UserView.swift in Sources */,
				2CC0CDE32B22193300E27622 /* TabBarView.swift in Sources */,
				2C31F9142B2064B500367F6A /* CustomTextFieldStyle.swift in Sources */,
				2CC0CDEB2B221EB100E27622 /* DataTodoModel.swift in Sources */,
			);
			runOnlyForDeploymentPostprocessing = 0;
		};
/* End PBXSourcesBuildPhase section */

/* Begin XCBuildConfiguration section */
		2C31F8FD2B2062F700367F6A /* Debug */ = {
			isa = XCBuildConfiguration;
			buildSettings = {
				ALWAYS_SEARCH_USER_PATHS = NO;
				ASSETCATALOG_COMPILER_GENERATE_SWIFT_ASSET_SYMBOL_EXTENSIONS = YES;
				CLANG_ANALYZER_NONNULL = YES;
				CLANG_ANALYZER_NUMBER_OBJECT_CONVERSION = YES_AGGRESSIVE;
				CLANG_CXX_LANGUAGE_STANDARD = "gnu++20";
				CLANG_ENABLE_MODULES = YES;
				CLANG_ENABLE_OBJC_ARC = YES;
				CLANG_ENABLE_OBJC_WEAK = YES;
				CLANG_WARN_BLOCK_CAPTURE_AUTORELEASING = YES;
				CLANG_WARN_BOOL_CONVERSION = YES;
				CLANG_WARN_COMMA = YES;
				CLANG_WARN_CONSTANT_CONVERSION = YES;
				CLANG_WARN_DEPRECATED_OBJC_IMPLEMENTATIONS = YES;
				CLANG_WARN_DIRECT_OBJC_ISA_USAGE = YES_ERROR;
				CLANG_WARN_DOCUMENTATION_COMMENTS = YES;
				CLANG_WARN_EMPTY_BODY = YES;
				CLANG_WARN_ENUM_CONVERSION = YES;
				CLANG_WARN_INFINITE_RECURSION = YES;
				CLANG_WARN_INT_CONVERSION = YES;
				CLANG_WARN_NON_LITERAL_NULL_CONVERSION = YES;
				CLANG_WARN_OBJC_IMPLICIT_RETAIN_SELF = YES;
				CLANG_WARN_OBJC_LITERAL_CONVERSION = YES;
				CLANG_WARN_OBJC_ROOT_CLASS = YES_ERROR;
				CLANG_WARN_QUOTED_INCLUDE_IN_FRAMEWORK_HEADER = YES;
				CLANG_WARN_RANGE_LOOP_ANALYSIS = YES;
				CLANG_WARN_STRICT_PROTOTYPES = YES;
				CLANG_WARN_SUSPICIOUS_MOVE = YES;
				CLANG_WARN_UNGUARDED_AVAILABILITY = YES_AGGRESSIVE;
				CLANG_WARN_UNREACHABLE_CODE = YES;
				CLANG_WARN__DUPLICATE_METHOD_MATCH = YES;
				COPY_PHASE_STRIP = NO;
				DEBUG_INFORMATION_FORMAT = dwarf;
				ENABLE_STRICT_OBJC_MSGSEND = YES;
				ENABLE_TESTABILITY = YES;
				ENABLE_USER_SCRIPT_SANDBOXING = YES;
				GCC_C_LANGUAGE_STANDARD = gnu17;
				GCC_DYNAMIC_NO_PIC = NO;
				GCC_NO_COMMON_BLOCKS = YES;
				GCC_OPTIMIZATION_LEVEL = 0;
				GCC_PREPROCESSOR_DEFINITIONS = (
					"DEBUG=1",
					"$(inherited)",
				);
				GCC_WARN_64_TO_32_BIT_CONVERSION = YES;
				GCC_WARN_ABOUT_RETURN_TYPE = YES_ERROR;
				GCC_WARN_UNDECLARED_SELECTOR = YES;
				GCC_WARN_UNINITIALIZED_AUTOS = YES_AGGRESSIVE;
				GCC_WARN_UNUSED_FUNCTION = YES;
				GCC_WARN_UNUSED_VARIABLE = YES;
				IPHONEOS_DEPLOYMENT_TARGET = 17.0;
				LOCALIZATION_PREFERS_STRING_CATALOGS = YES;
				MTL_ENABLE_DEBUG_INFO = INCLUDE_SOURCE;
				MTL_FAST_MATH = YES;
				ONLY_ACTIVE_ARCH = YES;
				SDKROOT = iphoneos;
				SWIFT_ACTIVE_COMPILATION_CONDITIONS = "DEBUG $(inherited)";
				SWIFT_OPTIMIZATION_LEVEL = "-Onone";
			};
			name = Debug;
		};
		2C31F8FE2B2062F700367F6A /* Release */ = {
			isa = XCBuildConfiguration;
			buildSettings = {
				ALWAYS_SEARCH_USER_PATHS = NO;
				ASSETCATALOG_COMPILER_GENERATE_SWIFT_ASSET_SYMBOL_EXTENSIONS = YES;
				CLANG_ANALYZER_NONNULL = YES;
				CLANG_ANALYZER_NUMBER_OBJECT_CONVERSION = YES_AGGRESSIVE;
				CLANG_CXX_LANGUAGE_STANDARD = "gnu++20";
				CLANG_ENABLE_MODULES = YES;
				CLANG_ENABLE_OBJC_ARC = YES;
				CLANG_ENABLE_OBJC_WEAK = YES;
				CLANG_WARN_BLOCK_CAPTURE_AUTORELEASING = YES;
				CLANG_WARN_BOOL_CONVERSION = YES;
				CLANG_WARN_COMMA = YES;
				CLANG_WARN_CONSTANT_CONVERSION = YES;
				CLANG_WARN_DEPRECATED_OBJC_IMPLEMENTATIONS = YES;
				CLANG_WARN_DIRECT_OBJC_ISA_USAGE = YES_ERROR;
				CLANG_WARN_DOCUMENTATION_COMMENTS = YES;
				CLANG_WARN_EMPTY_BODY = YES;
				CLANG_WARN_ENUM_CONVERSION = YES;
				CLANG_WARN_INFINITE_RECURSION = YES;
				CLANG_WARN_INT_CONVERSION = YES;
				CLANG_WARN_NON_LITERAL_NULL_CONVERSION = YES;
				CLANG_WARN_OBJC_IMPLICIT_RETAIN_SELF = YES;
				CLANG_WARN_OBJC_LITERAL_CONVERSION = YES;
				CLANG_WARN_OBJC_ROOT_CLASS = YES_ERROR;
				CLANG_WARN_QUOTED_INCLUDE_IN_FRAMEWORK_HEADER = YES;
				CLANG_WARN_RANGE_LOOP_ANALYSIS = YES;
				CLANG_WARN_STRICT_PROTOTYPES = YES;
				CLANG_WARN_SUSPICIOUS_MOVE = YES;
				CLANG_WARN_UNGUARDED_AVAILABILITY = YES_AGGRESSIVE;
				CLANG_WARN_UNREACHABLE_CODE = YES;
				CLANG_WARN__DUPLICATE_METHOD_MATCH = YES;
				COPY_PHASE_STRIP = NO;
				DEBUG_INFORMATION_FORMAT = "dwarf-with-dsym";
				ENABLE_NS_ASSERTIONS = NO;
				ENABLE_STRICT_OBJC_MSGSEND = YES;
				ENABLE_USER_SCRIPT_SANDBOXING = YES;
				GCC_C_LANGUAGE_STANDARD = gnu17;
				GCC_NO_COMMON_BLOCKS = YES;
				GCC_WARN_64_TO_32_BIT_CONVERSION = YES;
				GCC_WARN_ABOUT_RETURN_TYPE = YES_ERROR;
				GCC_WARN_UNDECLARED_SELECTOR = YES;
				GCC_WARN_UNINITIALIZED_AUTOS = YES_AGGRESSIVE;
				GCC_WARN_UNUSED_FUNCTION = YES;
				GCC_WARN_UNUSED_VARIABLE = YES;
				IPHONEOS_DEPLOYMENT_TARGET = 17.0;
				LOCALIZATION_PREFERS_STRING_CATALOGS = YES;
				MTL_ENABLE_DEBUG_INFO = NO;
				MTL_FAST_MATH = YES;
				SDKROOT = iphoneos;
				SWIFT_COMPILATION_MODE = wholemodule;
				VALIDATE_PRODUCT = YES;
			};
			name = Release;
		};
		2C31F9002B2062F700367F6A /* Debug */ = {
			isa = XCBuildConfiguration;
			buildSettings = {
				ASSETCATALOG_COMPILER_APPICON_NAME = AppIcon;
				ASSETCATALOG_COMPILER_GLOBAL_ACCENT_COLOR_NAME = AccentColor;
				CODE_SIGN_STYLE = Automatic;
				CURRENT_PROJECT_VERSION = 1;
				DEVELOPMENT_ASSET_PATHS = "\"SupabaseApp/Preview Content\"";
				DEVELOPMENT_TEAM = 3U7F2TKHLN;
				ENABLE_PREVIEWS = YES;
				GENERATE_INFOPLIST_FILE = YES;
				INFOPLIST_KEY_UIApplicationSceneManifest_Generation = YES;
				INFOPLIST_KEY_UIApplicationSupportsIndirectInputEvents = YES;
				INFOPLIST_KEY_UILaunchScreen_Generation = YES;
				INFOPLIST_KEY_UISupportedInterfaceOrientations_iPad = "UIInterfaceOrientationPortrait UIInterfaceOrientationPortraitUpsideDown UIInterfaceOrientationLandscapeLeft UIInterfaceOrientationLandscapeRight";
				INFOPLIST_KEY_UISupportedInterfaceOrientations_iPhone = "UIInterfaceOrientationPortrait UIInterfaceOrientationLandscapeLeft UIInterfaceOrientationLandscapeRight";
				LD_RUNPATH_SEARCH_PATHS = (
					"$(inherited)",
					"@executable_path/Frameworks",
				);
				MARKETING_VERSION = 1.0;
				PRODUCT_BUNDLE_IDENTIFIER = vadim.martynenko.SupabaseApp;
				PRODUCT_NAME = "$(TARGET_NAME)";
				SWIFT_EMIT_LOC_STRINGS = YES;
				SWIFT_VERSION = 5.0;
				TARGETED_DEVICE_FAMILY = "1,2";
			};
			name = Debug;
		};
		2C31F9012B2062F700367F6A /* Release */ = {
			isa = XCBuildConfiguration;
			buildSettings = {
				ASSETCATALOG_COMPILER_APPICON_NAME = AppIcon;
				ASSETCATALOG_COMPILER_GLOBAL_ACCENT_COLOR_NAME = AccentColor;
				CODE_SIGN_STYLE = Automatic;
				CURRENT_PROJECT_VERSION = 1;
				DEVELOPMENT_ASSET_PATHS = "\"SupabaseApp/Preview Content\"";
				DEVELOPMENT_TEAM = 3U7F2TKHLN;
				ENABLE_PREVIEWS = YES;
				GENERATE_INFOPLIST_FILE = YES;
				INFOPLIST_KEY_UIApplicationSceneManifest_Generation = YES;
				INFOPLIST_KEY_UIApplicationSupportsIndirectInputEvents = YES;
				INFOPLIST_KEY_UILaunchScreen_Generation = YES;
				INFOPLIST_KEY_UISupportedInterfaceOrientations_iPad = "UIInterfaceOrientationPortrait UIInterfaceOrientationPortraitUpsideDown UIInterfaceOrientationLandscapeLeft UIInterfaceOrientationLandscapeRight";
				INFOPLIST_KEY_UISupportedInterfaceOrientations_iPhone = "UIInterfaceOrientationPortrait UIInterfaceOrientationLandscapeLeft UIInterfaceOrientationLandscapeRight";
				LD_RUNPATH_SEARCH_PATHS = (
					"$(inherited)",
					"@executable_path/Frameworks",
				);
				MARKETING_VERSION = 1.0;
				PRODUCT_BUNDLE_IDENTIFIER = vadim.martynenko.SupabaseApp;
				PRODUCT_NAME = "$(TARGET_NAME)";
				SWIFT_EMIT_LOC_STRINGS = YES;
				SWIFT_VERSION = 5.0;
				TARGETED_DEVICE_FAMILY = "1,2";
			};
			name = Release;
		};
/* End XCBuildConfiguration section */

/* Begin XCConfigurationList section */
		2C31F8EC2B2062F600367F6A /* Build configuration list for PBXProject "SupabaseApp" */ = {
			isa = XCConfigurationList;
			buildConfigurations = (
				2C31F8FD2B2062F700367F6A /* Debug */,
				2C31F8FE2B2062F700367F6A /* Release */,
			);
			defaultConfigurationIsVisible = 0;
			defaultConfigurationName = Release;
		};
		2C31F8FF2B2062F700367F6A /* Build configuration list for PBXNativeTarget "SupabaseApp" */ = {
			isa = XCConfigurationList;
			buildConfigurations = (
				2C31F9002B2062F700367F6A /* Debug */,
				2C31F9012B2062F700367F6A /* Release */,
			);
			defaultConfigurationIsVisible = 0;
			defaultConfigurationName = Release;
		};
/* End XCConfigurationList section */

/* Begin XCRemoteSwiftPackageReference section */
		2C31F9022B20635100367F6A /* XCRemoteSwiftPackageReference "supabase-swift" */ = {
			isa = XCRemoteSwiftPackageReference;
			repositoryURL = "https://github.com/supabase-community/supabase-swift.git";
			requirement = {
				kind = upToNextMajorVersion;
				minimumVersion = 1.0.1;
			};
		};
/* End XCRemoteSwiftPackageReference section */

/* Begin XCSwiftPackageProductDependency section */
		2C31F9032B20635200367F6A /* Functions */ = {
			isa = XCSwiftPackageProductDependency;
			package = 2C31F9022B20635100367F6A /* XCRemoteSwiftPackageReference "supabase-swift" */;
			productName = Functions;
		};
		2C31F9052B20635200367F6A /* GoTrue */ = {
			isa = XCSwiftPackageProductDependency;
			package = 2C31F9022B20635100367F6A /* XCRemoteSwiftPackageReference "supabase-swift" */;
			productName = GoTrue;
		};
		2C31F9072B20635200367F6A /* PostgREST */ = {
			isa = XCSwiftPackageProductDependency;
			package = 2C31F9022B20635100367F6A /* XCRemoteSwiftPackageReference "supabase-swift" */;
			productName = PostgREST;
		};
		2C31F9092B20635200367F6A /* Realtime */ = {
			isa = XCSwiftPackageProductDependency;
			package = 2C31F9022B20635100367F6A /* XCRemoteSwiftPackageReference "supabase-swift" */;
			productName = Realtime;
		};
		2C31F90B2B20635200367F6A /* Storage */ = {
			isa = XCSwiftPackageProductDependency;
			package = 2C31F9022B20635100367F6A /* XCRemoteSwiftPackageReference "supabase-swift" */;
			productName = Storage;
		};
		2C31F90D2B20635200367F6A /* Supabase */ = {
			isa = XCSwiftPackageProductDependency;
			package = 2C31F9022B20635100367F6A /* XCRemoteSwiftPackageReference "supabase-swift" */;
			productName = Supabase;
		};
/* End XCSwiftPackageProductDependency section */
	};
	rootObject = 2C31F8E92B2062F600367F6A /* Project object */;
}
